{
  "name": "CallCenterJs",
  "lockfileVersion": 3,
  "requires": true,
  "packages": {
    "": {
      "dependencies": {
        "highcharts": "^12.2.0"
      }
    },
    "node_modules/highcharts": {
      "version": "12.2.0",
      "resolved": "https://registry.npmjs.org/highcharts/-/highcharts-12.2.0.tgz",
      "integrity": "sha512-UUN+osTP3aeGc4KmoMuWAjzpKif8GYHFozzYI4O8h1ILGof25M/ZGBpXLvgqf1z0LVh7N9eG7i0HnzMfjcR4nA==",
      "license": "https://www.highcharts.com/license"
    }
  }
}
